
Microsoft Visual Studio Solution File, Format Version 12.00
# Visual Studio Version 16
VisualStudioVersion = 16.6.30114.105
MinimumVisualStudioVersion = 10.0.40219.1
Project("{E24C65DC-7377-472B-9ABA-BC803B73C61A}") = "reactclient", "reactclient\", "{03D71A28-30CF-4E6D-84DA-0C58C767D4E7}"
	ProjectSection(WebsiteProperties) = preProject
		TargetFrameworkMoniker = ".NETFramework,Version%3Dv4.0"
		Debug.AspNetCompiler.VirtualPath = "/localhost_59307"
		Debug.AspNetCompiler.PhysicalPath = "reactclient\"
		Debug.AspNetCompiler.TargetPath = "PrecompiledWeb\localhost_59307\"
		Debug.AspNetCompiler.Updateable = "true"
		Debug.AspNetCompiler.ForceOverwrite = "true"
		Debug.AspNetCompiler.FixedNames = "false"
		Debug.AspNetCompiler.Debug = "True"
		Release.AspNetCompiler.VirtualPath = "/localhost_59307"
		Release.AspNetCompiler.PhysicalPath = "reactclient\"
		Release.AspNetCompiler.TargetPath = "PrecompiledWeb\localhost_59307\"
		Release.AspNetCompiler.Updateable = "true"
		Release.AspNetCompiler.ForceOverwrite = "true"
		Release.AspNetCompiler.FixedNames = "false"
		Release.AspNetCompiler.Debug = "False"
		VWDPort = "59307"
		SlnRelativePath = "reactclient\"
	EndProjectSection
EndProject
Project("{9A19103F-16F7-4668-BE54-9A1E7A4F7556}") = "simconnectagent", "simconnectagent\simconnectagent.csproj", "{E05F9055-4D48-4ABF-ACB3-187D3646AE05}"
EndProject
Project("{9A19103F-16F7-4668-BE54-9A1E7A4F7556}") = "arduinoagent", "arduinoagent\arduinoagent.csproj", "{5A2BF6F3-A221-4BC6-97EC-DF80D43CEB8C}"
EndProject
Project("{9A19103F-16F7-4668-BE54-9A1E7A4F7556}") = "shared", "shared\shared.csproj", "{A1E92D3F-6C17-4E8A-A953-2A73159F7025}"
EndProject
Project("{9A19103F-16F7-4668-BE54-9A1E7A4F7556}") = "fsuipcagent", "fsuipcagent\fsuipcagent.csproj", "{B0F0854D-F929-4B74-A604-432E6AE6D94B}"
EndProject
Project("{9A19103F-16F7-4668-BE54-9A1E7A4F7556}") = "fsconnector", "fsconnector\fsconnector.csproj", "{E673F9C9-832D-409C-81A8-FBEDE36CFB15}"
EndProject
Project("{9A19103F-16F7-4668-BE54-9A1E7A4F7556}") = "touchpanelhost", "touchpanelhost\touchpanelhost.csproj", "{45DA259A-1561-4512-B5AC-1ADA3AD469AF}"
EndProject
Global
	GlobalSection(SolutionConfigurationPlatforms) = preSolution
		Debug|Any CPU = Debug|Any CPU
		Debug|x64 = Debug|x64
		Release|Any CPU = Release|Any CPU
		Release|x64 = Release|x64
	EndGlobalSection
	GlobalSection(ProjectConfigurationPlatforms) = postSolution
		{03D71A28-30CF-4E6D-84DA-0C58C767D4E7}.Debug|Any CPU.ActiveCfg = Debug|Any CPU
		{03D71A28-30CF-4E6D-84DA-0C58C767D4E7}.Debug|x64.ActiveCfg = Debug|Any CPU
		{03D71A28-30CF-4E6D-84DA-0C58C767D4E7}.Release|Any CPU.ActiveCfg = Debug|Any CPU
		{03D71A28-30CF-4E6D-84DA-0C58C767D4E7}.Release|x64.ActiveCfg = Debug|Any CPU
		{E05F9055-4D48-4ABF-ACB3-187D3646AE05}.Debug|Any CPU.ActiveCfg = Debug|Any CPU
		{E05F9055-4D48-4ABF-ACB3-187D3646AE05}.Debug|Any CPU.Build.0 = Debug|Any CPU
		{E05F9055-4D48-4ABF-ACB3-187D3646AE05}.Debug|x64.ActiveCfg = Debug|x64
		{E05F9055-4D48-4ABF-ACB3-187D3646AE05}.Debug|x64.Build.0 = Debug|x64
		{E05F9055-4D48-4ABF-ACB3-187D3646AE05}.Release|Any CPU.ActiveCfg = Release|Any CPU
		{E05F9055-4D48-4ABF-ACB3-187D3646AE05}.Release|Any CPU.Build.0 = Release|Any CPU
		{E05F9055-4D48-4ABF-ACB3-187D3646AE05}.Release|x64.ActiveCfg = Release|x64
		{E05F9055-4D48-4ABF-ACB3-187D3646AE05}.Release|x64.Build.0 = Release|x64
		{5A2BF6F3-A221-4BC6-97EC-DF80D43CEB8C}.Debug|Any CPU.ActiveCfg = Debug|Any CPU
		{5A2BF6F3-A221-4BC6-97EC-DF80D43CEB8C}.Debug|Any CPU.Build.0 = Debug|Any CPU
		{5A2BF6F3-A221-4BC6-97EC-DF80D43CEB8C}.Debug|x64.ActiveCfg = Debug|x64
		{5A2BF6F3-A221-4BC6-97EC-DF80D43CEB8C}.Debug|x64.Build.0 = Debug|x64
		{5A2BF6F3-A221-4BC6-97EC-DF80D43CEB8C}.Release|Any CPU.ActiveCfg = Release|Any CPU
		{5A2BF6F3-A221-4BC6-97EC-DF80D43CEB8C}.Release|Any CPU.Build.0 = Release|Any CPU
		{5A2BF6F3-A221-4BC6-97EC-DF80D43CEB8C}.Release|x64.ActiveCfg = Release|x64
		{5A2BF6F3-A221-4BC6-97EC-DF80D43CEB8C}.Release|x64.Build.0 = Release|x64
		{A1E92D3F-6C17-4E8A-A953-2A73159F7025}.Debug|Any CPU.ActiveCfg = Debug|Any CPU
		{A1E92D3F-6C17-4E8A-A953-2A73159F7025}.Debug|Any CPU.Build.0 = Debug|Any CPU
		{A1E92D3F-6C17-4E8A-A953-2A73159F7025}.Debug|x64.ActiveCfg = Debug|x64
		{A1E92D3F-6C17-4E8A-A953-2A73159F7025}.Debug|x64.Build.0 = Debug|x64
		{A1E92D3F-6C17-4E8A-A953-2A73159F7025}.Release|Any CPU.ActiveCfg = Release|Any CPU
		{A1E92D3F-6C17-4E8A-A953-2A73159F7025}.Release|Any CPU.Build.0 = Release|Any CPU
		{A1E92D3F-6C17-4E8A-A953-2A73159F7025}.Release|x64.ActiveCfg = Release|x64
		{A1E92D3F-6C17-4E8A-A953-2A73159F7025}.Release|x64.Build.0 = Release|x64
		{B0F0854D-F929-4B74-A604-432E6AE6D94B}.Debug|Any CPU.ActiveCfg = Debug|Any CPU
		{B0F0854D-F929-4B74-A604-432E6AE6D94B}.Debug|Any CPU.Build.0 = Debug|Any CPU
		{B0F0854D-F929-4B74-A604-432E6AE6D94B}.Debug|x64.ActiveCfg = Debug|x64
		{B0F0854D-F929-4B74-A604-432E6AE6D94B}.Debug|x64.Build.0 = Debug|x64
		{B0F0854D-F929-4B74-A604-432E6AE6D94B}.Release|Any CPU.ActiveCfg = Release|Any CPU
		{B0F0854D-F929-4B74-A604-432E6AE6D94B}.Release|Any CPU.Build.0 = Release|Any CPU
		{B0F0854D-F929-4B74-A604-432E6AE6D94B}.Release|x64.ActiveCfg = Release|x64
		{B0F0854D-F929-4B74-A604-432E6AE6D94B}.Release|x64.Build.0 = Release|x64
		{E673F9C9-832D-409C-81A8-FBEDE36CFB15}.Debug|Any CPU.ActiveCfg = Debug|Any CPU
		{E673F9C9-832D-409C-81A8-FBEDE36CFB15}.Debug|Any CPU.Build.0 = Debug|Any CPU
		{E673F9C9-832D-409C-81A8-FBEDE36CFB15}.Debug|x64.ActiveCfg = Debug|x64
		{E673F9C9-832D-409C-81A8-FBEDE36CFB15}.Debug|x64.Build.0 = Debug|x64
		{E673F9C9-832D-409C-81A8-FBEDE36CFB15}.Release|Any CPU.ActiveCfg = Release|Any CPU
		{E673F9C9-832D-409C-81A8-FBEDE36CFB15}.Release|Any CPU.Build.0 = Release|Any CPU
		{E673F9C9-832D-409C-81A8-FBEDE36CFB15}.Release|x64.ActiveCfg = Release|x64
		{E673F9C9-832D-409C-81A8-FBEDE36CFB15}.Release|x64.Build.0 = Release|x64
		{45DA259A-1561-4512-B5AC-1ADA3AD469AF}.Debug|Any CPU.ActiveCfg = Debug|Any CPU
		{45DA259A-1561-4512-B5AC-1ADA3AD469AF}.Debug|Any CPU.Build.0 = Debug|Any CPU
		{45DA259A-1561-4512-B5AC-1ADA3AD469AF}.Debug|x64.ActiveCfg = Debug|x64
		{45DA259A-1561-4512-B5AC-1ADA3AD469AF}.Debug|x64.Build.0 = Debug|x64
		{45DA259A-1561-4512-B5AC-1ADA3AD469AF}.Release|Any CPU.ActiveCfg = Release|Any CPU
		{45DA259A-1561-4512-B5AC-1ADA3AD469AF}.Release|Any CPU.Build.0 = Release|Any CPU
		{45DA259A-1561-4512-B5AC-1ADA3AD469AF}.Release|x64.ActiveCfg = Release|x64
		{45DA259A-1561-4512-B5AC-1ADA3AD469AF}.Release|x64.Build.0 = Release|x64
	EndGlobalSection
	GlobalSection(SolutionProperties) = preSolution
		HideSolutionNode = FALSE
	EndGlobalSection
	GlobalSection(ExtensibilityGlobals) = postSolution
		SolutionGuid = {E904E951-2D37-4796-915D-7B9C9CA195FC}
	EndGlobalSection
EndGlobal
